<?xml version="1.0" encoding="utf-8"?>
<Project ToolsVersion="4.0" xmlns="http://schemas.microsoft.com/developer/msbuild/2003">
  <ItemGroup>
    <Filter Include="Source Files">
      <UniqueIdentifier>{a692961d-5300-4c51-8983-b142e60bedf4}</UniqueIdentifier>
      <Extensions>cpp;c;cxx;rc;def;r;odl;idl;hpj;bat</Extensions>
    </Filter>
    <Filter Include="Header Files">
      <UniqueIdentifier>{9d8d15cc-6d1a-4b52-87d9-d18e45f4e710}</UniqueIdentifier>
      <Extensions>h;hpp;hxx;hm;inl</Extensions>
    </Filter>
    <Filter Include="LibSpline_Source">
      <UniqueIdentifier>{3eb5a8df-17df-485d-930f-4eb9ef7f2069}</UniqueIdentifier>
    </Filter>
    <Filter Include="LibRandom_Source">
      <UniqueIdentifier>{afb7b351-9ec0-44ad-be7c-162c817ff6fd}</UniqueIdentifier>
    </Filter>
    <Filter Include="LibGlobals_Source">
      <UniqueIdentifier>{958cad88-5cf5-4bd5-9f4a-7fa1244ff50a}</UniqueIdentifier>
    </Filter>
    <Filter Include="LibFilename_Source">
      <UniqueIdentifier>{cffd3950-7288-4eb4-9b4f-30f39072d480}</UniqueIdentifier>
    </Filter>
    <Filter Include="LibVector_Source">
      <UniqueIdentifier>{c0bccde1-fbb5-4faa-8410-606f1be801d1}</UniqueIdentifier>
    </Filter>
    <Filter Include="EvalKey_Source">
      <UniqueIdentifier>{dad7eb09-706f-4eed-a3c9-4d67bcdc0e9b}</UniqueIdentifier>
    </Filter>
  </ItemGroup>
  <ItemGroup>
    <ClCompile Include="..\SourceCode\Allocator.cpp">
      <Filter>Source Files</Filter>
    </ClCompile>
    <ClCompile Include="..\SourceCode\BillboardLeaf.cpp">
      <Filter>Source Files</Filter>
    </ClCompile>
    <ClCompile Include="..\SourceCode\Branch.cpp">
      <Filter>Source Files</Filter>
    </ClCompile>
    <ClCompile Include="..\SourceCode\BranchInfo.cpp">
      <Filter>Source Files</Filter>
    </ClCompile>
    <ClCompile Include="..\SourceCode\Camera.cpp">
      <Filter>Source Files</Filter>
    </ClCompile>
    <ClCompile Include="..\SourceCode\FileAccess.cpp">
      <Filter>Source Files</Filter>
    </ClCompile>
    <ClCompile Include="..\SourceCode\FrondEngine.cpp">
      <Filter>Source Files</Filter>
    </ClCompile>
    <ClCompile Include="..\SourceCode\IndexedGeometry.cpp">
      <Filter>Source Files</Filter>
    </ClCompile>
    <ClCompile Include="..\SourceCode\LeafGeometry.cpp">
      <Filter>Source Files</Filter>
    </ClCompile>
    <ClCompile Include="..\SourceCode\LeafInfo.cpp">
      <Filter>Source Files</Filter>
    </ClCompile>
    <ClCompile Include="..\SourceCode\LeafLod.cpp">
      <Filter>Source Files</Filter>
    </ClCompile>
    <ClCompile Include="..\SourceCode\LightingEngine.cpp">
      <Filter>Source Files</Filter>
    </ClCompile>
    <ClCompile Include="..\SourceCode\MapBank.cpp">
      <Filter>Source Files</Filter>
    </ClCompile>
    <ClCompile Include="..\SourceCode\ProjectedShadow.cpp">
      <Filter>Source Files</Filter>
    </ClCompile>
    <ClCompile Include="..\SourceCode\RootSupportInfo.cpp">
      <Filter>Source Files</Filter>
    </ClCompile>
    <ClCompile Include="..\SourceCode\SimpleBillboard.cpp">
      <Filter>Source Files</Filter>
    </ClCompile>
    <ClCompile Include="..\SourceCode\SpeedTreeRT.cpp">
      <Filter>Source Files</Filter>
    </ClCompile>
    <ClCompile Include="..\SourceCode\SpeedWind.cpp">
      <Filter>Source Files</Filter>
    </ClCompile>
    <ClCompile Include="..\SourceCode\TreeEngine.cpp">
      <Filter>Source Files</Filter>
    </ClCompile>
    <ClCompile Include="..\SourceCode\TreeInfo.cpp">
      <Filter>Source Files</Filter>
    </ClCompile>
    <ClCompile Include="..\SourceCode\WindEngine.cpp">
      <Filter>Source Files</Filter>
    </ClCompile>
    <ClCompile Include="..\SourceCode\WindInfo.cpp">
      <Filter>Source Files</Filter>
    </ClCompile>
    <ClCompile Include="..\SourceCode\LibSpline_Source\IdvSpline.cpp">
      <Filter>LibSpline_Source</Filter>
    </ClCompile>
    <ClCompile Include="..\SourceCode\LibRandom_Source\ExtendedReal.cpp">
      <Filter>LibRandom_Source</Filter>
    </ClCompile>
    <ClCompile Include="..\SourceCode\LibRandom_Source\IdvRandom.cpp">
      <Filter>LibRandom_Source</Filter>
    </ClCompile>
    <ClCompile Include="..\SourceCode\LibRandom_Source\RobertDavies_Random.cpp">
      <Filter>LibRandom_Source</Filter>
    </ClCompile>
    <ClCompile Include="..\SourceCode\LibVector_Source\Region.cpp">
      <Filter>LibVector_Source</Filter>
    </ClCompile>
    <ClCompile Include="..\SourceCode\LibVector_Source\Transform.cpp">
      <Filter>LibVector_Source</Filter>
    </ClCompile>
    <ClCompile Include="..\SourceCode\LibVector_Source\Vec.cpp">
      <Filter>LibVector_Source</Filter>
    </ClCompile>
    <ClCompile Include="..\SourceCode\EvalKey_Source\IdvTime.cpp">
      <Filter>EvalKey_Source</Filter>
    </ClCompile>
    <ClCompile Include="..\SourceCode\EvalKey_Source\SpeedTreeKeyUtility.cpp">
      <Filter>EvalKey_Source</Filter>
    </ClCompile>
  </ItemGroup>
  <ItemGroup>
    <ClInclude Include="..\SourceCode\BillboardLeaf.h">
      <Filter>Header Files</Filter>
    </ClInclude>
    <ClInclude Include="..\SourceCode\Debug.h">
      <Filter>Header Files</Filter>
    </ClInclude>
    <ClInclude Include="..\SourceCode\FileAccess.h">
      <Filter>Header Files</Filter>
    </ClInclude>
    <ClInclude Include="..\SourceCode\IdvFastMath.h">
      <Filter>Header Files</Filter>
    </ClInclude>
    <ClInclude Include="..\SourceCode\IndexedGeometry.h">
      <Filter>Header Files</Filter>
    </ClInclude>
    <ClInclude Include="..\SourceCode\Instances.h">
      <Filter>Header Files</Filter>
    </ClInclude>
    <ClInclude Include="..\SourceCode\LeafGeometry.h">
      <Filter>Header Files</Filter>
    </ClInclude>
    <ClInclude Include="..\SourceCode\LeafLod.h">
      <Filter>Header Files</Filter>
    </ClInclude>
    <ClInclude Include="..\SourceCode\LeafOffsetTable.h">
      <Filter>Header Files</Filter>
    </ClInclude>
    <ClInclude Include="..\SourceCode\LightingEngine.h">
      <Filter>Header Files</Filter>
    </ClInclude>
    <ClInclude Include="..\SourceCode\MapBank.h">
      <Filter>Header Files</Filter>
    </ClInclude>
    <ClInclude Include="..\SourceCode\ProjectedShadow.h">
      <Filter>Header Files</Filter>
    </ClInclude>
    <ClInclude Include="..\SourceCode\SpeedTreeAllocator.h">
      <Filter>Header Files</Filter>
    </ClInclude>
    <ClInclude Include="..\SourceCode\SpeedTreeMemory.h">
      <Filter>Header Files</Filter>
    </ClInclude>
    <ClInclude Include="..\SourceCode\SpeedTreeRT.h">
      <Filter>Header Files</Filter>
    </ClInclude>
    <ClInclude Include="..\SourceCode\StructsInfo.h">
      <Filter>Header Files</Filter>
    </ClInclude>
    <ClInclude Include="..\SourceCode\StructsSupport.h">
      <Filter>Header Files</Filter>
    </ClInclude>
    <ClInclude Include="..\SourceCode\TreeEngine.h">
      <Filter>Header Files</Filter>
    </ClInclude>
    <ClInclude Include="..\SourceCode\WindEngine.h">
      <Filter>Header Files</Filter>
    </ClInclude>
    <ClInclude Include="..\SourceCode\LibSpline_Source\IdvSpline.h">
      <Filter>LibSpline_Source</Filter>
    </ClInclude>
    <ClInclude Include="..\SourceCode\LibRandom_Source\ExtendedReal.h">
      <Filter>LibRandom_Source</Filter>
    </ClInclude>
    <ClInclude Include="..\SourceCode\LibRandom_Source\IdvRandom.h">
      <Filter>LibRandom_Source</Filter>
    </ClInclude>
    <ClInclude Include="..\SourceCode\LibRandom_Source\RobertDavies_Random.h">
      <Filter>LibRandom_Source</Filter>
    </ClInclude>
    <ClInclude Include="..\SourceCode\LibGlobals_Source\IdvGlobals.h">
      <Filter>LibGlobals_Source</Filter>
    </ClInclude>
    <ClInclude Include="..\SourceCode\LibFilename_Source\IdvFilename.h">
      <Filter>LibFilename_Source</Filter>
    </ClInclude>
    <ClInclude Include="..\SourceCode\LibVector_Source\IdvVector.h">
      <Filter>LibVector_Source</Filter>
    </ClInclude>
    <ClInclude Include="..\SourceCode\EvalKey_Source\IdvTime.h">
      <Filter>EvalKey_Source</Filter>
    </ClInclude>
    <ClInclude Include="..\SourceCode\EvalKey_Source\KeyRandom.h">
      <Filter>EvalKey_Source</Filter>
    </ClInclude>
    <ClInclude Include="..\SourceCode\EvalKey_Source\SpeedTreeKeyUtility.h">
      <Filter>EvalKey_Source</Filter>
    </ClInclude>
  </ItemGroup>
</Project>